
Microsoft Visual Studio Solution File, Format Version 12.00
# Visual Studio Version 16
VisualStudioVersion = 16.0.32413.511
MinimumVisualStudioVersion = 10.0.40219.1
Project("{FAE04EC0-301F-11D3-BF4B-00C04F79EFBC}") = "MicrosoftBatch", "MicrosoftBatch\MicrosoftBatch.csproj", "{C033FE64-B1F6-4674-BB06-4F3C59E83506}"
EndProject
Global
	GlobalSection(SolutionConfigurationPlatforms) = preSolution
		Debug|Any CPU = Debug|Any CPU
		Release|Any CPU = Release|Any CPU
	EndGlobalSection
	GlobalSection(ProjectConfigurationPlatforms) = postSolution
		{C033FE64-B1F6-4674-BB06-4F3C59E83506}.Debug|Any CPU.ActiveCfg = Debug|Any CPU
		{C033FE64-B1F6-4674-BB06-4F3C59E83506}.Debug|Any CPU.Build.0 = Debug|Any CPU
		{C033FE64-B1F6-4674-BB06-4F3C59E83506}.Release|Any CPU.ActiveCfg = Release|Any CPU
		{C033FE64-B1F6-4674-BB06-4F3C59E83506}.Release|Any CPU.Build.0 = Release|Any CPU
	EndGlobalSection
	GlobalSection(SolutionProperties) = preSolution
		HideSolutionNode = FALSE
	EndGlobalSection
	GlobalSection(ExtensibilityGlobals) = postSolution
		SolutionGuid = {E661F35E-A164-4D25-AA07-271786EA751F}
	EndGlobalSection
EndGlobal
